// !$*UTF8*$!
{
	archiveVersion = 1;
	classes = {
	};
	objectVersion = 50;
	objects = {

/* Begin PBXBuildFile section */
		190543C721553D3A00C18D7A /* AuthService.swift in Sources */ = {isa = PBXBuildFile; fileRef = 190543C621553D3A00C18D7A /* AuthService.swift */; };
		1921D4792156778100D82859 /* AvatarPickerVC.swift in Sources */ = {isa = PBXBuildFile; fileRef = 1921D4782156778100D82859 /* AvatarPickerVC.swift */; };
		1921D47B21592E5500D82859 /* AvatarCell.swift in Sources */ = {isa = PBXBuildFile; fileRef = 1921D47A21592E5500D82859 /* AvatarCell.swift */; };
		1921D47D215A0AB100D82859 /* CircleImage.swift in Sources */ = {isa = PBXBuildFile; fileRef = 1921D47C215A0AB100D82859 /* CircleImage.swift */; };
		1921D482215B764700D82859 /* ProfileVC.swift in Sources */ = {isa = PBXBuildFile; fileRef = 1921D480215B764700D82859 /* ProfileVC.swift */; };
		1921D483215B764700D82859 /* ProfileVC.xib in Resources */ = {isa = PBXBuildFile; fileRef = 1921D481215B764700D82859 /* ProfileVC.xib */; };
		1921D486215BAA3B00D82859 /* MessageService.swift in Sources */ = {isa = PBXBuildFile; fileRef = 1921D485215BAA3B00D82859 /* MessageService.swift */; };
		1921D488215BAAA400D82859 /* Channel.swift in Sources */ = {isa = PBXBuildFile; fileRef = 1921D487215BAAA400D82859 /* Channel.swift */; };
		1921D48A215CB3D000D82859 /* ChannelCell.swift in Sources */ = {isa = PBXBuildFile; fileRef = 1921D489215CB3D000D82859 /* ChannelCell.swift */; };
		1921D48D215CF15E00D82859 /* AddChannelVC.swift in Sources */ = {isa = PBXBuildFile; fileRef = 1921D48B215CF15E00D82859 /* AddChannelVC.swift */; };
		1921D48E215CF15E00D82859 /* AddChannelVC.xib in Resources */ = {isa = PBXBuildFile; fileRef = 1921D48C215CF15E00D82859 /* AddChannelVC.xib */; };
		1921D490215F50C900D82859 /* SocketService.swift in Sources */ = {isa = PBXBuildFile; fileRef = 1921D48F215F50C900D82859 /* SocketService.swift */; };
		1921D492215FC68700D82859 /* Message.swift in Sources */ = {isa = PBXBuildFile; fileRef = 1921D491215FC68600D82859 /* Message.swift */; };
		1921D494215FDB7B00D82859 /* KeyboardBoundView.swift in Sources */ = {isa = PBXBuildFile; fileRef = 1921D493215FDB7B00D82859 /* KeyboardBoundView.swift */; };
		19F5E6AD21556B4100C24FB7 /* RoundedButton.swift in Sources */ = {isa = PBXBuildFile; fileRef = 19F5E6AC21556B4100C24FB7 /* RoundedButton.swift */; };
		19F5E6AF215644DA00C24FB7 /* UserDataService.swift in Sources */ = {isa = PBXBuildFile; fileRef = 19F5E6AE215644DA00C24FB7 /* UserDataService.swift */; };
		506A4BC7C5309D81E3CEC447 /* Pods_Smack.framework in Frameworks */ = {isa = PBXBuildFile; fileRef = 34D0E21C30B85232D2F650A5 /* Pods_Smack.framework */; };
		730C00E7214121E100747053 /* ChatVC.swift in Sources */ = {isa = PBXBuildFile; fileRef = 730C00E6214121E100747053 /* ChatVC.swift */; };
		730C00E9214121F200747053 /* ChannelVC.swift in Sources */ = {isa = PBXBuildFile; fileRef = 730C00E8214121F200747053 /* ChannelVC.swift */; };
		730C00EB214137EC00747053 /* GradientView.swift in Sources */ = {isa = PBXBuildFile; fileRef = 730C00EA214137EC00747053 /* GradientView.swift */; };
		735A486B213FFA420009B401 /* AppDelegate.swift in Sources */ = {isa = PBXBuildFile; fileRef = 735A486A213FFA420009B401 /* AppDelegate.swift */; };
		735A4870213FFA420009B401 /* Main.storyboard in Resources */ = {isa = PBXBuildFile; fileRef = 735A486E213FFA420009B401 /* Main.storyboard */; };
		735A4872213FFA450009B401 /* Assets.xcassets in Resources */ = {isa = PBXBuildFile; fileRef = 735A4871213FFA450009B401 /* Assets.xcassets */; };
		735A4875213FFA450009B401 /* LaunchScreen.storyboard in Resources */ = {isa = PBXBuildFile; fileRef = 735A4873213FFA450009B401 /* LaunchScreen.storyboard */; };
		735A489E2141131E0009B401 /* SWRevealViewController.m in Sources */ = {isa = PBXBuildFile; fileRef = 735A489D2141131E0009B401 /* SWRevealViewController.m */; };
		73D4C45B2142CC1E00381960 /* Constants.swift in Sources */ = {isa = PBXBuildFile; fileRef = 73D4C45A2142CC1E00381960 /* Constants.swift */; };
		73D4C45D2142D8EF00381960 /* LoginVC.swift in Sources */ = {isa = PBXBuildFile; fileRef = 73D4C45C2142D8EF00381960 /* LoginVC.swift */; };
		73D4C45F2142DC7300381960 /* CreateAccountVC.swift in Sources */ = {isa = PBXBuildFile; fileRef = 73D4C45E2142DC7300381960 /* CreateAccountVC.swift */; };
/* End PBXBuildFile section */

/* Begin PBXFileReference section */
		11B6321E0FEC2CA0E363232B /* Pods-Smack.release.xcconfig */ = {isa = PBXFileReference; includeInIndex = 1; lastKnownFileType = text.xcconfig; name = "Pods-Smack.release.xcconfig"; path = "Pods/Target Support Files/Pods-Smack/Pods-Smack.release.xcconfig"; sourceTree = "<group>"; };
		190543C621553D3A00C18D7A /* AuthService.swift */ = {isa = PBXFileReference; lastKnownFileType = sourcecode.swift; path = AuthService.swift; sourceTree = "<group>"; };
		1921D4782156778100D82859 /* AvatarPickerVC.swift */ = {isa = PBXFileReference; lastKnownFileType = sourcecode.swift; path = AvatarPickerVC.swift; sourceTree = "<group>"; };
		1921D47A21592E5500D82859 /* AvatarCell.swift */ = {isa = PBXFileReference; lastKnownFileType = sourcecode.swift; path = AvatarCell.swift; sourceTree = "<group>"; };
		1921D47C215A0AB100D82859 /* CircleImage.swift */ = {isa = PBXFileReference; lastKnownFileType = sourcecode.swift; path = CircleImage.swift; sourceTree = "<group>"; };
		1921D480215B764700D82859 /* ProfileVC.swift */ = {isa = PBXFileReference; lastKnownFileType = sourcecode.swift; path = ProfileVC.swift; sourceTree = "<group>"; };
		1921D481215B764700D82859 /* ProfileVC.xib */ = {isa = PBXFileReference; lastKnownFileType = file.xib; path = ProfileVC.xib; sourceTree = "<group>"; };
		1921D485215BAA3B00D82859 /* MessageService.swift */ = {isa = PBXFileReference; lastKnownFileType = sourcecode.swift; path = MessageService.swift; sourceTree = "<group>"; };
		1921D487215BAAA400D82859 /* Channel.swift */ = {isa = PBXFileReference; lastKnownFileType = sourcecode.swift; name = Channel.swift; path = Smack/Services/Channel.swift; sourceTree = SOURCE_ROOT; };
		1921D489215CB3D000D82859 /* ChannelCell.swift */ = {isa = PBXFileReference; lastKnownFileType = sourcecode.swift; path = ChannelCell.swift; sourceTree = "<group>"; };
		1921D48B215CF15E00D82859 /* AddChannelVC.swift */ = {isa = PBXFileReference; lastKnownFileType = sourcecode.swift; path = AddChannelVC.swift; sourceTree = "<group>"; };
		1921D48C215CF15E00D82859 /* AddChannelVC.xib */ = {isa = PBXFileReference; lastKnownFileType = file.xib; path = AddChannelVC.xib; sourceTree = "<group>"; };
		1921D48F215F50C900D82859 /* SocketService.swift */ = {isa = PBXFileReference; lastKnownFileType = sourcecode.swift; path = SocketService.swift; sourceTree = "<group>"; };
		1921D491215FC68600D82859 /* Message.swift */ = {isa = PBXFileReference; lastKnownFileType = sourcecode.swift; name = Message.swift; path = Smack/Services/Message.swift; sourceTree = SOURCE_ROOT; };
		1921D493215FDB7B00D82859 /* KeyboardBoundView.swift */ = {isa = PBXFileReference; fileEncoding = 4; lastKnownFileType = sourcecode.swift; path = KeyboardBoundView.swift; sourceTree = "<group>"; };
		19F5E6AC21556B4100C24FB7 /* RoundedButton.swift */ = {isa = PBXFileReference; lastKnownFileType = sourcecode.swift; path = RoundedButton.swift; sourceTree = "<group>"; };
		19F5E6AE215644DA00C24FB7 /* UserDataService.swift */ = {isa = PBXFileReference; lastKnownFileType = sourcecode.swift; path = UserDataService.swift; sourceTree = "<group>"; };
		34D0E21C30B85232D2F650A5 /* Pods_Smack.framework */ = {isa = PBXFileReference; explicitFileType = wrapper.framework; includeInIndex = 0; path = Pods_Smack.framework; sourceTree = BUILT_PRODUCTS_DIR; };
		730C00E6214121E100747053 /* ChatVC.swift */ = {isa = PBXFileReference; lastKnownFileType = sourcecode.swift; path = ChatVC.swift; sourceTree = "<group>"; };
		730C00E8214121F200747053 /* ChannelVC.swift */ = {isa = PBXFileReference; lastKnownFileType = sourcecode.swift; path = ChannelVC.swift; sourceTree = "<group>"; };
		730C00EA214137EC00747053 /* GradientView.swift */ = {isa = PBXFileReference; lastKnownFileType = sourcecode.swift; path = GradientView.swift; sourceTree = "<group>"; };
		735A4867213FFA420009B401 /* Smack.app */ = {isa = PBXFileReference; explicitFileType = wrapper.application; includeInIndex = 0; path = Smack.app; sourceTree = BUILT_PRODUCTS_DIR; };
		735A486A213FFA420009B401 /* AppDelegate.swift */ = {isa = PBXFileReference; lastKnownFileType = sourcecode.swift; path = AppDelegate.swift; sourceTree = "<group>"; };
		735A486F213FFA420009B401 /* Base */ = {isa = PBXFileReference; lastKnownFileType = file.storyboard; name = Base; path = Base.lproj/Main.storyboard; sourceTree = "<group>"; };
		735A4871213FFA450009B401 /* Assets.xcassets */ = {isa = PBXFileReference; lastKnownFileType = folder.assetcatalog; path = Assets.xcassets; sourceTree = "<group>"; };
		735A4874213FFA450009B401 /* Base */ = {isa = PBXFileReference; lastKnownFileType = file.storyboard; name = Base; path = Base.lproj/LaunchScreen.storyboard; sourceTree = "<group>"; };
		735A4876213FFA450009B401 /* Info.plist */ = {isa = PBXFileReference; lastKnownFileType = text.plist.xml; path = Info.plist; sourceTree = "<group>"; };
		735A489B2141131C0009B401 /* Smack-Bridging-Header.h */ = {isa = PBXFileReference; lastKnownFileType = sourcecode.c.h; path = "Smack-Bridging-Header.h"; sourceTree = "<group>"; };
		735A489C2141131D0009B401 /* SWRevealViewController.h */ = {isa = PBXFileReference; fileEncoding = 4; lastKnownFileType = sourcecode.c.h; path = SWRevealViewController.h; sourceTree = "<group>"; };
		735A489D2141131E0009B401 /* SWRevealViewController.m */ = {isa = PBXFileReference; fileEncoding = 4; lastKnownFileType = sourcecode.c.objc; path = SWRevealViewController.m; sourceTree = "<group>"; };
		73D4C45A2142CC1E00381960 /* Constants.swift */ = {isa = PBXFileReference; lastKnownFileType = sourcecode.swift; path = Constants.swift; sourceTree = "<group>"; };
		73D4C45C2142D8EF00381960 /* LoginVC.swift */ = {isa = PBXFileReference; lastKnownFileType = sourcecode.swift; path = LoginVC.swift; sourceTree = "<group>"; };
		73D4C45E2142DC7300381960 /* CreateAccountVC.swift */ = {isa = PBXFileReference; lastKnownFileType = sourcecode.swift; path = CreateAccountVC.swift; sourceTree = "<group>"; };
		D959C1E9AC6B4254E105D27E /* Pods-Smack.debug.xcconfig */ = {isa = PBXFileReference; includeInIndex = 1; lastKnownFileType = text.xcconfig; name = "Pods-Smack.debug.xcconfig"; path = "Pods/Target Support Files/Pods-Smack/Pods-Smack.debug.xcconfig"; sourceTree = "<group>"; };
/* End PBXFileReference section */

/* Begin PBXFrameworksBuildPhase section */
		735A4864213FFA420009B401 /* Frameworks */ = {
			isa = PBXFrameworksBuildPhase;
			buildActionMask = 2147483647;
			files = (
				506A4BC7C5309D81E3CEC447 /* Pods_Smack.framework in Frameworks */,
			);
			runOnlyForDeploymentPostprocessing = 0;
		};
/* End PBXFrameworksBuildPhase section */

/* Begin PBXGroup section */
		190543C521553D1800C18D7A /* Services */ = {
			isa = PBXGroup;
			children = (
				190543C621553D3A00C18D7A /* AuthService.swift */,
				19F5E6AE215644DA00C24FB7 /* UserDataService.swift */,
				1921D485215BAA3B00D82859 /* MessageService.swift */,
				1921D48F215F50C900D82859 /* SocketService.swift */,
			);
			path = Services;
			sourceTree = "<group>";
		};
		1921D484215B7C7700D82859 /* Xibs */ = {
			isa = PBXGroup;
			children = (
				1921D481215B764700D82859 /* ProfileVC.xib */,
				1921D48C215CF15E00D82859 /* AddChannelVC.xib */,
			);
			path = Xibs;
			sourceTree = "<group>";
		};
		730C00E32141215E00747053 /* Controller */ = {
			isa = PBXGroup;
			children = (
				730C00E6214121E100747053 /* ChatVC.swift */,
				730C00E8214121F200747053 /* ChannelVC.swift */,
				73D4C45C2142D8EF00381960 /* LoginVC.swift */,
				73D4C45E2142DC7300381960 /* CreateAccountVC.swift */,
				1921D4782156778100D82859 /* AvatarPickerVC.swift */,
				1921D480215B764700D82859 /* ProfileVC.swift */,
				1921D48B215CF15E00D82859 /* AddChannelVC.swift */,
			);
			path = Controller;
			sourceTree = "<group>";
		};
		730C00E42141216900747053 /* View */ = {
			isa = PBXGroup;
			children = (
				730C00EA214137EC00747053 /* GradientView.swift */,
				19F5E6AC21556B4100C24FB7 /* RoundedButton.swift */,
				1921D47A21592E5500D82859 /* AvatarCell.swift */,
				1921D47C215A0AB100D82859 /* CircleImage.swift */,
				1921D489215CB3D000D82859 /* ChannelCell.swift */,
				1921D493215FDB7B00D82859 /* KeyboardBoundView.swift */,
			);
			path = View;
			sourceTree = "<group>";
		};
		730C00E52141216F00747053 /* Model */ = {
			isa = PBXGroup;
			children = (
				1921D487215BAAA400D82859 /* Channel.swift */,
				1921D491215FC68600D82859 /* Message.swift */,
			);
			path = Model;
			sourceTree = "<group>";
		};
		735A485E213FFA420009B401 = {
			isa = PBXGroup;
			children = (
				735A489A214112FF0009B401 /* Supporting Files */,
				735A4869213FFA420009B401 /* Smack */,
				735A4868213FFA420009B401 /* Products */,
				E6E705A6FA33574B40973C0C /* Pods */,
				CC9093DECC2A231D3C559BC7 /* Frameworks */,
			);
			sourceTree = "<group>";
		};
		735A4868213FFA420009B401 /* Products */ = {
			isa = PBXGroup;
			children = (
				735A4867213FFA420009B401 /* Smack.app */,
			);
			name = Products;
			sourceTree = "<group>";
		};
		735A4869213FFA420009B401 /* Smack */ = {
			isa = PBXGroup;
			children = (
				1921D484215B7C7700D82859 /* Xibs */,
				190543C521553D1800C18D7A /* Services */,
				73D4C4592142CC0700381960 /* utilities */,
				730C00E52141216F00747053 /* Model */,
				730C00E42141216900747053 /* View */,
				730C00E32141215E00747053 /* Controller */,
				735A486A213FFA420009B401 /* AppDelegate.swift */,
				735A486E213FFA420009B401 /* Main.storyboard */,
				735A4871213FFA450009B401 /* Assets.xcassets */,
				735A4873213FFA450009B401 /* LaunchScreen.storyboard */,
				735A4876213FFA450009B401 /* Info.plist */,
			);
			path = Smack;
			sourceTree = "<group>";
		};
		735A489A214112FF0009B401 /* Supporting Files */ = {
			isa = PBXGroup;
			children = (
				735A489C2141131D0009B401 /* SWRevealViewController.h */,
				735A489D2141131E0009B401 /* SWRevealViewController.m */,
				735A489B2141131C0009B401 /* Smack-Bridging-Header.h */,
			);
			path = "Supporting Files";
			sourceTree = "<group>";
		};
		73D4C4592142CC0700381960 /* utilities */ = {
			isa = PBXGroup;
			children = (
				73D4C45A2142CC1E00381960 /* Constants.swift */,
			);
			path = utilities;
			sourceTree = "<group>";
		};
		CC9093DECC2A231D3C559BC7 /* Frameworks */ = {
			isa = PBXGroup;
			children = (
				34D0E21C30B85232D2F650A5 /* Pods_Smack.framework */,
			);
			name = Frameworks;
			sourceTree = "<group>";
		};
		E6E705A6FA33574B40973C0C /* Pods */ = {
			isa = PBXGroup;
			children = (
				D959C1E9AC6B4254E105D27E /* Pods-Smack.debug.xcconfig */,
				11B6321E0FEC2CA0E363232B /* Pods-Smack.release.xcconfig */,
			);
			name = Pods;
			sourceTree = "<group>";
		};
/* End PBXGroup section */

/* Begin PBXNativeTarget section */
		735A4866213FFA420009B401 /* Smack */ = {
			isa = PBXNativeTarget;
			buildConfigurationList = 735A4879213FFA450009B401 /* Build configuration list for PBXNativeTarget "Smack" */;
			buildPhases = (
				8FFE7CF94972B4326331F17B /* [CP] Check Pods Manifest.lock */,
				735A4863213FFA420009B401 /* Sources */,
				735A4864213FFA420009B401 /* Frameworks */,
				735A4865213FFA420009B401 /* Resources */,
				C7B3A3A83F98769CE22D3D60 /* [CP] Embed Pods Frameworks */,
			);
			buildRules = (
			);
			dependencies = (
			);
			name = Smack;
			productName = Smack;
			productReference = 735A4867213FFA420009B401 /* Smack.app */;
			productType = "com.apple.product-type.application";
		};
/* End PBXNativeTarget section */

/* Begin PBXProject section */
		735A485F213FFA420009B401 /* Project object */ = {
			isa = PBXProject;
			attributes = {
				LastSwiftUpdateCheck = 0940;
				LastUpgradeCheck = 0940;
				ORGANIZATIONNAME = "김영석";
				TargetAttributes = {
					735A4866213FFA420009B401 = {
						CreatedOnToolsVersion = 9.4.1;
						LastSwiftMigration = 0940;
					};
				};
			};
			buildConfigurationList = 735A4862213FFA420009B401 /* Build configuration list for PBXProject "Smack" */;
			compatibilityVersion = "Xcode 9.3";
			developmentRegion = en;
			hasScannedForEncodings = 0;
			knownRegions = (
				en,
				Base,
			);
			mainGroup = 735A485E213FFA420009B401;
			productRefGroup = 735A4868213FFA420009B401 /* Products */;
			projectDirPath = "";
			projectRoot = "";
			targets = (
				735A4866213FFA420009B401 /* Smack */,
			);
		};
/* End PBXProject section */

/* Begin PBXResourcesBuildPhase section */
		735A4865213FFA420009B401 /* Resources */ = {
			isa = PBXResourcesBuildPhase;
			buildActionMask = 2147483647;
			files = (
				1921D48E215CF15E00D82859 /* AddChannelVC.xib in Resources */,
				1921D483215B764700D82859 /* ProfileVC.xib in Resources */,
				735A4875213FFA450009B401 /* LaunchScreen.storyboard in Resources */,
				735A4872213FFA450009B401 /* Assets.xcassets in Resources */,
				735A4870213FFA420009B401 /* Main.storyboard in Resources */,
			);
			runOnlyForDeploymentPostprocessing = 0;
		};
/* End PBXResourcesBuildPhase section */

/* Begin PBXShellScriptBuildPhase section */
		8FFE7CF94972B4326331F17B /* [CP] Check Pods Manifest.lock */ = {
			isa = PBXShellScriptBuildPhase;
			buildActionMask = 2147483647;
			files = (
			);
			inputPaths = (
				"${PODS_PODFILE_DIR_PATH}/Podfile.lock",
				"${PODS_ROOT}/Manifest.lock",
			);
			name = "[CP] Check Pods Manifest.lock";
			outputPaths = (
				"$(DERIVED_FILE_DIR)/Pods-Smack-checkManifestLockResult.txt",
			);
			runOnlyForDeploymentPostprocessing = 0;
			shellPath = /bin/sh;
			shellScript = "diff \"${PODS_PODFILE_DIR_PATH}/Podfile.lock\" \"${PODS_ROOT}/Manifest.lock\" > /dev/null\nif [ $? != 0 ] ; then\n    # print error to STDERR\n    echo \"error: The sandbox is not in sync with the Podfile.lock. Run 'pod install' or update your CocoaPods installation.\" >&2\n    exit 1\nfi\n# This output is used by Xcode 'outputs' to avoid re-running this script phase.\necho \"SUCCESS\" > \"${SCRIPT_OUTPUT_FILE_0}\"\n";
			showEnvVarsInLog = 0;
		};
		C7B3A3A83F98769CE22D3D60 /* [CP] Embed Pods Frameworks */ = {
			isa = PBXShellScriptBuildPhase;
			buildActionMask = 2147483647;
			files = (
			);
			inputPaths = (
				"${SRCROOT}/Pods/Target Support Files/Pods-Smack/Pods-Smack-frameworks.sh",
				"${BUILT_PRODUCTS_DIR}/Alamofire/Alamofire.framework",
				"${BUILT_PRODUCTS_DIR}/Socket.IO-Client-Swift/SocketIO.framework",
				"${BUILT_PRODUCTS_DIR}/Starscream/Starscream.framework",
				"${BUILT_PRODUCTS_DIR}/SwiftyJSON/SwiftyJSON.framework",
			);
			name = "[CP] Embed Pods Frameworks";
			outputPaths = (
				"${TARGET_BUILD_DIR}/${FRAMEWORKS_FOLDER_PATH}/Alamofire.framework",
				"${TARGET_BUILD_DIR}/${FRAMEWORKS_FOLDER_PATH}/SocketIO.framework",
				"${TARGET_BUILD_DIR}/${FRAMEWORKS_FOLDER_PATH}/Starscream.framework",
				"${TARGET_BUILD_DIR}/${FRAMEWORKS_FOLDER_PATH}/SwiftyJSON.framework",
			);
			runOnlyForDeploymentPostprocessing = 0;
			shellPath = /bin/sh;
			shellScript = "\"${SRCROOT}/Pods/Target Support Files/Pods-Smack/Pods-Smack-frameworks.sh\"\n";
			showEnvVarsInLog = 0;
		};
/* End PBXShellScriptBuildPhase section */

/* Begin PBXSourcesBuildPhase section */
		735A4863213FFA420009B401 /* Sources */ = {
			isa = PBXSourcesBuildPhase;
			buildActionMask = 2147483647;
			files = (
				1921D494215FDB7B00D82859 /* KeyboardBoundView.swift in Sources */,
				1921D490215F50C900D82859 /* SocketService.swift in Sources */,
				1921D482215B764700D82859 /* ProfileVC.swift in Sources */,
				1921D48A215CB3D000D82859 /* ChannelCell.swift in Sources */,
				730C00E9214121F200747053 /* ChannelVC.swift in Sources */,
				1921D4792156778100D82859 /* AvatarPickerVC.swift in Sources */,
				19F5E6AD21556B4100C24FB7 /* RoundedButton.swift in Sources */,
				1921D492215FC68700D82859 /* Message.swift in Sources */,
				1921D488215BAAA400D82859 /* Channel.swift in Sources */,
				1921D47D215A0AB100D82859 /* CircleImage.swift in Sources */,
				1921D486215BAA3B00D82859 /* MessageService.swift in Sources */,
				730C00E7214121E100747053 /* ChatVC.swift in Sources */,
				19F5E6AF215644DA00C24FB7 /* UserDataService.swift in Sources */,
				73D4C45F2142DC7300381960 /* CreateAccountVC.swift in Sources */,
				190543C721553D3A00C18D7A /* AuthService.swift in Sources */,
				73D4C45D2142D8EF00381960 /* LoginVC.swift in Sources */,
				1921D48D215CF15E00D82859 /* AddChannelVC.swift in Sources */,
				730C00EB214137EC00747053 /* GradientView.swift in Sources */,
				1921D47B21592E5500D82859 /* AvatarCell.swift in Sources */,
				735A486B213FFA420009B401 /* AppDelegate.swift in Sources */,
				735A489E2141131E0009B401 /* SWRevealViewController.m in Sources */,
				73D4C45B2142CC1E00381960 /* Constants.swift in Sources */,
			);
			runOnlyForDeploymentPostprocessing = 0;
		};
/* End PBXSourcesBuildPhase section */

/* Begin PBXVariantGroup section */
		735A486E213FFA420009B401 /* Main.storyboard */ = {
			isa = PBXVariantGroup;
			children = (
				735A486F213FFA420009B401 /* Base */,
			);
			name = Main.storyboard;
			sourceTree = "<group>";
		};
		735A4873213FFA450009B401 /* LaunchScreen.storyboard */ = {
			isa = PBXVariantGroup;
			children = (
				735A4874213FFA450009B401 /* Base */,
			);
			name = LaunchScreen.storyboard;
			sourceTree = "<group>";
		};
/* End PBXVariantGroup section */

/* Begin XCBuildConfiguration section */
		735A4877213FFA450009B401 /* Debug */ = {
			isa = XCBuildConfiguration;
			buildSettings = {
				ALWAYS_SEARCH_USER_PATHS = NO;
				CLANG_ANALYZER_NONNULL = YES;
				CLANG_ANALYZER_NUMBER_OBJECT_CONVERSION = YES_AGGRESSIVE;
				CLANG_CXX_LANGUAGE_STANDARD = "gnu++14";
				CLANG_CXX_LIBRARY = "libc++";
				CLANG_ENABLE_MODULES = YES;
				CLANG_ENABLE_OBJC_ARC = YES;
				CLANG_ENABLE_OBJC_WEAK = YES;
				CLANG_WARN_BLOCK_CAPTURE_AUTORELEASING = YES;
				CLANG_WARN_BOOL_CONVERSION = YES;
				CLANG_WARN_COMMA = YES;
				CLANG_WARN_CONSTANT_CONVERSION = YES;
				CLANG_WARN_DEPRECATED_OBJC_IMPLEMENTATIONS = YES;
				CLANG_WARN_DIRECT_OBJC_ISA_USAGE = YES_ERROR;
				CLANG_WARN_DOCUMENTATION_COMMENTS = YES;
				CLANG_WARN_EMPTY_BODY = YES;
				CLANG_WARN_ENUM_CONVERSION = YES;
				CLANG_WARN_INFINITE_RECURSION = YES;
				CLANG_WARN_INT_CONVERSION = YES;
				CLANG_WARN_NON_LITERAL_NULL_CONVERSION = YES;
				CLANG_WARN_OBJC_IMPLICIT_RETAIN_SELF = YES;
				CLANG_WARN_OBJC_LITERAL_CONVERSION = YES;
				CLANG_WARN_OBJC_ROOT_CLASS = YES_ERROR;
				CLANG_WARN_RANGE_LOOP_ANALYSIS = YES;
				CLANG_WARN_STRICT_PROTOTYPES = YES;
				CLANG_WARN_SUSPICIOUS_MOVE = YES;
				CLANG_WARN_UNGUARDED_AVAILABILITY = YES_AGGRESSIVE;
				CLANG_WARN_UNREACHABLE_CODE = YES;
				CLANG_WARN__DUPLICATE_METHOD_MATCH = YES;
				CODE_SIGN_IDENTITY = "iPhone Developer";
				COPY_PHASE_STRIP = NO;
				DEBUG_INFORMATION_FORMAT = dwarf;
				ENABLE_STRICT_OBJC_MSGSEND = YES;
				ENABLE_TESTABILITY = YES;
				GCC_C_LANGUAGE_STANDARD = gnu11;
				GCC_DYNAMIC_NO_PIC = NO;
				GCC_NO_COMMON_BLOCKS = YES;
				GCC_OPTIMIZATION_LEVEL = 0;
				GCC_PREPROCESSOR_DEFINITIONS = (
					"DEBUG=1",
					"$(inherited)",
				);
				GCC_WARN_64_TO_32_BIT_CONVERSION = YES;
				GCC_WARN_ABOUT_RETURN_TYPE = YES_ERROR;
				GCC_WARN_UNDECLARED_SELECTOR = YES;
				GCC_WARN_UNINITIALIZED_AUTOS = YES_AGGRESSIVE;
				GCC_WARN_UNUSED_FUNCTION = YES;
				GCC_WARN_UNUSED_VARIABLE = YES;
				IPHONEOS_DEPLOYMENT_TARGET = 11.4;
				MTL_ENABLE_DEBUG_INFO = YES;
				ONLY_ACTIVE_ARCH = YES;
				SDKROOT = iphoneos;
				SWIFT_ACTIVE_COMPILATION_CONDITIONS = DEBUG;
				SWIFT_OPTIMIZATION_LEVEL = "-Onone";
			};
			name = Debug;
		};
		735A4878213FFA450009B401 /* Release */ = {
			isa = XCBuildConfiguration;
			buildSettings = {
				ALWAYS_SEARCH_USER_PATHS = NO;
				CLANG_ANALYZER_NONNULL = YES;
				CLANG_ANALYZER_NUMBER_OBJECT_CONVERSION = YES_AGGRESSIVE;
				CLANG_CXX_LANGUAGE_STANDARD = "gnu++14";
				CLANG_CXX_LIBRARY = "libc++";
				CLANG_ENABLE_MODULES = YES;
				CLANG_ENABLE_OBJC_ARC = YES;
				CLANG_ENABLE_OBJC_WEAK = YES;
				CLANG_WARN_BLOCK_CAPTURE_AUTORELEASING = YES;
				CLANG_WARN_BOOL_CONVERSION = YES;
				CLANG_WARN_COMMA = YES;
				CLANG_WARN_CONSTANT_CONVERSION = YES;
				CLANG_WARN_DEPRECATED_OBJC_IMPLEMENTATIONS = YES;
				CLANG_WARN_DIRECT_OBJC_ISA_USAGE = YES_ERROR;
				CLANG_WARN_DOCUMENTATION_COMMENTS = YES;
				CLANG_WARN_EMPTY_BODY = YES;
				CLANG_WARN_ENUM_CONVERSION = YES;
				CLANG_WARN_INFINITE_RECURSION = YES;
				CLANG_WARN_INT_CONVERSION = YES;
				CLANG_WARN_NON_LITERAL_NULL_CONVERSION = YES;
				CLANG_WARN_OBJC_IMPLICIT_RETAIN_SELF = YES;
				CLANG_WARN_OBJC_LITERAL_CONVERSION = YES;
				CLANG_WARN_OBJC_ROOT_CLASS = YES_ERROR;
				CLANG_WARN_RANGE_LOOP_ANALYSIS = YES;
				CLANG_WARN_STRICT_PROTOTYPES = YES;
				CLANG_WARN_SUSPICIOUS_MOVE = YES;
				CLANG_WARN_UNGUARDED_AVAILABILITY = YES_AGGRESSIVE;
				CLANG_WARN_UNREACHABLE_CODE = YES;
				CLANG_WARN__DUPLICATE_METHOD_MATCH = YES;
				CODE_SIGN_IDENTITY = "iPhone Developer";
				COPY_PHASE_STRIP = NO;
				DEBUG_INFORMATION_FORMAT = "dwarf-with-dsym";
				ENABLE_NS_ASSERTIONS = NO;
				ENABLE_STRICT_OBJC_MSGSEND = YES;
				GCC_C_LANGUAGE_STANDARD = gnu11;
				GCC_NO_COMMON_BLOCKS = YES;
				GCC_WARN_64_TO_32_BIT_CONVERSION = YES;
				GCC_WARN_ABOUT_RETURN_TYPE = YES_ERROR;
				GCC_WARN_UNDECLARED_SELECTOR = YES;
				GCC_WARN_UNINITIALIZED_AUTOS = YES_AGGRESSIVE;
				GCC_WARN_UNUSED_FUNCTION = YES;
				GCC_WARN_UNUSED_VARIABLE = YES;
				IPHONEOS_DEPLOYMENT_TARGET = 11.4;
				MTL_ENABLE_DEBUG_INFO = NO;
				SDKROOT = iphoneos;
				SWIFT_COMPILATION_MODE = wholemodule;
				SWIFT_OPTIMIZATION_LEVEL = "-O";
				VALIDATE_PRODUCT = YES;
			};
			name = Release;
		};
		735A487A213FFA450009B401 /* Debug */ = {
			isa = XCBuildConfiguration;
			baseConfigurationReference = D959C1E9AC6B4254E105D27E /* Pods-Smack.debug.xcconfig */;
			buildSettings = {
				ASSETCATALOG_COMPILER_APPICON_NAME = AppIcon;
				CLANG_ENABLE_MODULES = YES;
				CODE_SIGN_STYLE = Automatic;
				DEVELOPMENT_TEAM = Y4NG3TTR62;
				INFOPLIST_FILE = Smack/Info.plist;
				LD_RUNPATH_SEARCH_PATHS = (
					"$(inherited)",
					"@executable_path/Frameworks",
				);
				PRODUCT_BUNDLE_IDENTIFIER = Remind.Smack;
				PRODUCT_NAME = "$(TARGET_NAME)";
				SWIFT_OBJC_BRIDGING_HEADER = "Supporting Files/Smack-Bridging-Header.h";
				SWIFT_OPTIMIZATION_LEVEL = "-Onone";
				SWIFT_VERSION = 4.0;
				TARGETED_DEVICE_FAMILY = "1,2";
			};
			name = Debug;
		};
		735A487B213FFA450009B401 /* Release */ = {
			isa = XCBuildConfiguration;
			baseConfigurationReference = 11B6321E0FEC2CA0E363232B /* Pods-Smack.release.xcconfig */;
			buildSettings = {
				ASSETCATALOG_COMPILER_APPICON_NAME = AppIcon;
				CLANG_ENABLE_MODULES = YES;
				CODE_SIGN_STYLE = Automatic;
				DEVELOPMENT_TEAM = Y4NG3TTR62;
				INFOPLIST_FILE = Smack/Info.plist;
				LD_RUNPATH_SEARCH_PATHS = (
					"$(inherited)",
					"@executable_path/Frameworks",
				);
				PRODUCT_BUNDLE_IDENTIFIER = Remind.Smack;
				PRODUCT_NAME = "$(TARGET_NAME)";
				SWIFT_OBJC_BRIDGING_HEADER = "Supporting Files/Smack-Bridging-Header.h";
				SWIFT_VERSION = 4.0;
				TARGETED_DEVICE_FAMILY = "1,2";
			};
			name = Release;
		};
/* End XCBuildConfiguration section */

/* Begin XCConfigurationList section */
		735A4862213FFA420009B401 /* Build configuration list for PBXProject "Smack" */ = {
			isa = XCConfigurationList;
			buildConfigurations = (
				735A4877213FFA450009B401 /* Debug */,
				735A4878213FFA450009B401 /* Release */,
			);
			defaultConfigurationIsVisible = 0;
			defaultConfigurationName = Release;
		};
		735A4879213FFA450009B401 /* Build configuration list for PBXNativeTarget "Smack" */ = {
			isa = XCConfigurationList;
			buildConfigurations = (
				735A487A213FFA450009B401 /* Debug */,
				735A487B213FFA450009B401 /* Release */,
			);
			defaultConfigurationIsVisible = 0;
			defaultConfigurationName = Release;
		};
/* End XCConfigurationList section */
	};
	rootObject = 735A485F213FFA420009B401 /* Project object */;
}
